
Microsoft Visual Studio Solution File, Format Version 12.00
# Visual Studio 15
VisualStudioVersion = 15.0.28307.421
MinimumVisualStudioVersion = 10.0.40219.1
Project("{8BC9CEB8-8B4A-11D0-8D11-00A0C91BC942}") = "Film_BD", "Film_BD\Film_BD.vcxproj", "{87BE650A-C327-4222-85B6-478FAA1DAE17}"
EndProject
Global
	GlobalSection(SolutionConfigurationPlatforms) = preSolution
		Debug|x64 = Debug|x64
		Debug|x86 = Debug|x86
		Release|x64 = Release|x64
		Release|x86 = Release|x86
	EndGlobalSection
	GlobalSection(ProjectConfigurationPlatforms) = postSolution
		{87BE650A-C327-4222-85B6-478FAA1DAE17}.Debug|x64.ActiveCfg = Debug|x64
		{87BE650A-C327-4222-85B6-478FAA1DAE17}.Debug|x64.Build.0 = Debug|x64
		{87BE650A-C327-4222-85B6-478FAA1DAE17}.Debug|x86.ActiveCfg = Debug|Win32
		{87BE650A-C327-4222-85B6-478FAA1DAE17}.Debug|x86.Build.0 = Debug|Win32
		{87BE650A-C327-4222-85B6-478FAA1DAE17}.Release|x64.ActiveCfg = Release|x64
		{87BE650A-C327-4222-85B6-478FAA1DAE17}.Release|x64.Build.0 = Release|x64
		{87BE650A-C327-4222-85B6-478FAA1DAE17}.Release|x86.ActiveCfg = Release|Win32
		{87BE650A-C327-4222-85B6-478FAA1DAE17}.Release|x86.Build.0 = Release|Win32
	EndGlobalSection
	GlobalSection(SolutionProperties) = preSolution
		HideSolutionNode = FALSE
	EndGlobalSection
	GlobalSection(ExtensibilityGlobals) = postSolution
		SolutionGuid = {1CBE9979-E8DB-41C8-BE7B-76C4AC2C1C4D}
	EndGlobalSection
EndGlobal
